Microsoft Visual Studio Solution File, Format Version 12.00
# Visual Studio Version 17
VisualStudioVersion = 17.0.31903.59
MinimumVisualStudioVersion = 10.0.40219.1
Project("{FAE04EC0-301F-11D3-BF4B-00C04F79EFBC}") = "DerechHadasha", "src\DerechHadasha\DerechHadasha.csproj", "{37D0B980-3714-4E0B-90FA-5D1E3B04610E}"
EndProject
Global
	GlobalSection(SolutionConfigurationPlatforms) = preSolution
		Debug|Any CPU = Debug|Any CPU
		Release|Any CPU = Release|Any CPU
	EndGlobalSection
	GlobalSection(ProjectConfigurationPlatforms) = postSolution
		{37D0B980-3714-4E0B-90FA-5D1E3B04610E}.Debug|Any CPU.ActiveCfg = Debug|Any CPU
		{37D0B980-3714-4E0B-90FA-5D1E3B04610E}.Debug|Any CPU.Build.0 = Debug|Any CPU
		{37D0B980-3714-4E0B-90FA-5D1E3B04610E}.Release|Any CPU.ActiveCfg = Release|Any CPU
		{37D0B980-3714-4E0B-90FA-5D1E3B04610E}.Release|Any CPU.Build.0 = Release|Any CPU
	EndGlobalSection
EndGlobal
